
Microsoft Visual Studio Solution File, Format Version 12.00
# Visual Studio 15
VisualStudioVersion = 15.0.28010.2048
MinimumVisualStudioVersion = 10.0.40219.1
Project("{FAE04EC0-301F-11D3-BF4B-00C04F79EFBC}") = "TappingData_demo", "TappingData_demo\TappingData_demo.csproj", "{A0E712AC-B8A9-4708-9396-EC9D3EE3EC67}"
EndProject
Global
	GlobalSection(SolutionConfigurationPlatforms) = preSolution
		Debug|Any CPU = Debug|Any CPU
		Release|Any CPU = Release|Any CPU
	EndGlobalSection
	GlobalSection(ProjectConfigurationPlatforms) = postSolution
		{A0E712AC-B8A9-4708-9396-EC9D3EE3EC67}.Debug|Any CPU.ActiveCfg = Debug|Any CPU
		{A0E712AC-B8A9-4708-9396-EC9D3EE3EC67}.Debug|Any CPU.Build.0 = Debug|Any CPU
		{A0E712AC-B8A9-4708-9396-EC9D3EE3EC67}.Release|Any CPU.ActiveCfg = Release|Any CPU
		{A0E712AC-B8A9-4708-9396-EC9D3EE3EC67}.Release|Any CPU.Build.0 = Release|Any CPU
	EndGlobalSection
	GlobalSection(SolutionProperties) = preSolution
		HideSolutionNode = FALSE
	EndGlobalSection
	GlobalSection(ExtensibilityGlobals) = postSolution
		SolutionGuid = {E027E040-AE63-491C-942C-316C2527CC97}
	EndGlobalSection
EndGlobal
